
Microsoft Visual Studio Solution File, Format Version 12.00
# Visual Studio Version 17
VisualStudioVersion = 17.13.35931.197 d17.13
MinimumVisualStudioVersion = 10.0.40219.1
Project("{FAE04EC0-301F-11D3-BF4B-00C04F79EFBC}") = "TestHikApi", "TestHikApi\TestHikApi.csproj", "{C12E974B-0CB8-425F-ADCB-316DF49EBE81}"
EndProject
Global
	GlobalSection(SolutionConfigurationPlatforms) = preSolution
		Debug|Any CPU = Debug|Any CPU
		Release|Any CPU = Release|Any CPU
	EndGlobalSection
	GlobalSection(ProjectConfigurationPlatforms) = postSolution
		{C12E974B-0CB8-425F-ADCB-316DF49EBE81}.Debug|Any CPU.ActiveCfg = Debug|Any CPU
		{C12E974B-0CB8-425F-ADCB-316DF49EBE81}.Debug|Any CPU.Build.0 = Debug|Any CPU
		{C12E974B-0CB8-425F-ADCB-316DF49EBE81}.Release|Any CPU.ActiveCfg = Release|Any CPU
		{C12E974B-0CB8-425F-ADCB-316DF49EBE81}.Release|Any CPU.Build.0 = Release|Any CPU
	EndGlobalSection
	GlobalSection(SolutionProperties) = preSolution
		HideSolutionNode = FALSE
	EndGlobalSection
	GlobalSection(ExtensibilityGlobals) = postSolution
		SolutionGuid = {EA4F32C1-DE2A-46AA-A13F-59105E6EA16A}
	EndGlobalSection
EndGlobal
