
Microsoft Visual Studio Solution File, Format Version 12.00
# Visual Studio Version 17
VisualStudioVersion = 17.13.35931.197 d17.13
MinimumVisualStudioVersion = 10.0.40219.1
Project("{FAE04EC0-301F-11D3-BF4B-00C04F79EFBC}") = "WinFormsApp1", "WinFormsApp1\WinFormsApp1.csproj", "{2095C899-2635-475E-AC75-0689739EC43D}"
EndProject
Global
	GlobalSection(SolutionConfigurationPlatforms) = preSolution
		Debug|Any CPU = Debug|Any CPU
		Release|Any CPU = Release|Any CPU
	EndGlobalSection
	GlobalSection(ProjectConfigurationPlatforms) = postSolution
		{2095C899-2635-475E-AC75-0689739EC43D}.Debug|Any CPU.ActiveCfg = Debug|Any CPU
		{2095C899-2635-475E-AC75-0689739EC43D}.Debug|Any CPU.Build.0 = Debug|Any CPU
		{2095C899-2635-475E-AC75-0689739EC43D}.Release|Any CPU.ActiveCfg = Release|Any CPU
		{2095C899-2635-475E-AC75-0689739EC43D}.Release|Any CPU.Build.0 = Release|Any CPU
	EndGlobalSection
	GlobalSection(SolutionProperties) = preSolution
		HideSolutionNode = FALSE
	EndGlobalSection
	GlobalSection(ExtensibilityGlobals) = postSolution
		SolutionGuid = {C2835564-9D8A-4580-842B-F86D29E35C2F}
	EndGlobalSection
EndGlobal
