
Microsoft Visual Studio Solution File, Format Version 12.00
# Visual Studio Version 17
VisualStudioVersion = 17.13.35931.197 d17.13
MinimumVisualStudioVersion = 10.0.40219.1
Project("{FAE04EC0-301F-11D3-BF4B-00C04F79EFBC}") = "testDigestAuth", "testDigestAuth\testDigestAuth.csproj", "{C7F330F2-8A0C-44A4-A089-DD6BC103E17A}"
EndProject
Global
	GlobalSection(SolutionConfigurationPlatforms) = preSolution
		Debug|Any CPU = Debug|Any CPU
		Release|Any CPU = Release|Any CPU
	EndGlobalSection
	GlobalSection(ProjectConfigurationPlatforms) = postSolution
		{C7F330F2-8A0C-44A4-A089-DD6BC103E17A}.Debug|Any CPU.ActiveCfg = Debug|Any CPU
		{C7F330F2-8A0C-44A4-A089-DD6BC103E17A}.Debug|Any CPU.Build.0 = Debug|Any CPU
		{C7F330F2-8A0C-44A4-A089-DD6BC103E17A}.Release|Any CPU.ActiveCfg = Release|Any CPU
		{C7F330F2-8A0C-44A4-A089-DD6BC103E17A}.Release|Any CPU.Build.0 = Release|Any CPU
	EndGlobalSection
	GlobalSection(SolutionProperties) = preSolution
		HideSolutionNode = FALSE
	EndGlobalSection
	GlobalSection(ExtensibilityGlobals) = postSolution
		SolutionGuid = {E438F04D-0565-4C8E-BE01-5E177EC5E31C}
	EndGlobalSection
EndGlobal
