
Microsoft Visual Studio Solution File, Format Version 12.00
# Visual Studio Version 17
VisualStudioVersion = 17.13.35931.197 d17.13
MinimumVisualStudioVersion = 10.0.40219.1
Project("{FAE04EC0-301F-11D3-BF4B-00C04F79EFBC}") = "TestEditHtml", "TestEditHtml\TestEditHtml.csproj", "{5A4C1E03-092C-4D1E-844A-B6CF5BC8F193}"
EndProject
Global
	GlobalSection(SolutionConfigurationPlatforms) = preSolution
		Debug|Any CPU = Debug|Any CPU
		Release|Any CPU = Release|Any CPU
	EndGlobalSection
	GlobalSection(ProjectConfigurationPlatforms) = postSolution
		{5A4C1E03-092C-4D1E-844A-B6CF5BC8F193}.Debug|Any CPU.ActiveCfg = Debug|Any CPU
		{5A4C1E03-092C-4D1E-844A-B6CF5BC8F193}.Debug|Any CPU.Build.0 = Debug|Any CPU
		{5A4C1E03-092C-4D1E-844A-B6CF5BC8F193}.Release|Any CPU.ActiveCfg = Release|Any CPU
		{5A4C1E03-092C-4D1E-844A-B6CF5BC8F193}.Release|Any CPU.Build.0 = Release|Any CPU
	EndGlobalSection
	GlobalSection(SolutionProperties) = preSolution
		HideSolutionNode = FALSE
	EndGlobalSection
	GlobalSection(ExtensibilityGlobals) = postSolution
		SolutionGuid = {83F3E625-6D2E-4746-B012-19793E6874EE}
	EndGlobalSection
EndGlobal
